<?xml version="1.0" encoding="utf-8"?>
<Project ToolsVersion="4.0" xmlns="http://schemas.microsoft.com/developer/msbuild/2003">
  <ItemGroup>
    <Filter Include="Source Files">
      <UniqueIdentifier>{4FC737F1-C7A5-4376-A066-2A32D752A2FF}</UniqueIdentifier>
      <Extensions>cpp;c;cc;cxx;def;odl;idl;hpj;bat;asm;asmx</Extensions>
    </Filter>
    <Filter Include="Scenes">
      <UniqueIdentifier>{3b2ce8f3-3aa5-4ddc-b41c-25dbf997f3be}</UniqueIdentifier>
    </Filter>
    <Filter Include="PowerUps">
      <UniqueIdentifier>{a07a6a0e-252f-417a-961b-2f502a8fb257}</UniqueIdentifier>
    </Filter>
  </ItemGroup>
  <ItemGroup>
    <ClCompile Include="Main.cpp">
      <Filter>Source Files</Filter>
    </ClCompile>
    <ClCompile Include="AppDelegate.cpp">
      <Filter>Source Files</Filter>
    </ClCompile>
    <ClCompile Include="WaitingConnectionScene.cpp">
      <Filter>Scenes</Filter>
    </ClCompile>
    <ClCompile Include="MainGameScene.cpp">
      <Filter>Scenes</Filter>
    </ClCompile>
    <ClCompile Include="KeyboardInput.cpp">
      <Filter>Source Files</Filter>
    </ClCompile>
    <ClCompile Include="ColorBlock.cpp">
      <Filter>Source Files</Filter>
    </ClCompile>
    <ClCompile Include="Character.cpp">
      <Filter>Source Files</Filter>
    </ClCompile>
    <ClCompile Include="PointsScene.cpp">
      <Filter>Scenes</Filter>
    </ClCompile>
    <ClCompile Include="PointsManager.cpp">
      <Filter>Source Files</Filter>
    </ClCompile>
    <ClCompile Include="GLES-Render.cpp">
      <Filter>Source Files</Filter>
    </ClCompile>
    <ClCompile Include="PowerUp.cpp">
      <Filter>PowerUps</Filter>
    </ClCompile>
    <ClCompile Include="WarningSign.cpp">
      <Filter>Source Files</Filter>
    </ClCompile>
    <ClCompile Include="PowerUpBase.cpp">
      <Filter>PowerUps</Filter>
    </ClCompile>
    <ClCompile Include="BlockSpecial.cpp">
      <Filter>PowerUps</Filter>
    </ClCompile>
    <ClCompile Include="RaknetGlobals.cpp">
      <Filter>Source Files</Filter>
    </ClCompile>
    <ClCompile Include="ChangeScreenSpecial.cpp">
      <Filter>PowerUps</Filter>
    </ClCompile>
  </ItemGroup>
  <ItemGroup>
    <ClInclude Include="Main.h">
      <Filter>Source Files</Filter>
    </ClInclude>
    <ClInclude Include="AppDelegate.h">
      <Filter>Source Files</Filter>
    </ClInclude>
    <ClInclude Include="WaitingConnectionScene.h">
      <Filter>Scenes</Filter>
    </ClInclude>
    <ClInclude Include="MainGameScene.h">
      <Filter>Scenes</Filter>
    </ClInclude>
    <ClInclude Include="KeyboardInput.h">
      <Filter>Source Files</Filter>
    </ClInclude>
    <ClInclude Include="ColorBlock.h">
      <Filter>Source Files</Filter>
    </ClInclude>
    <ClInclude Include="Character.h">
      <Filter>Source Files</Filter>
    </ClInclude>
    <ClInclude Include="PointsManager.h">
      <Filter>Source Files</Filter>
    </ClInclude>
    <ClInclude Include="GLES-Render.h">
      <Filter>Source Files</Filter>
    </ClInclude>
    <ClInclude Include="PowerUp.h">
      <Filter>PowerUps</Filter>
    </ClInclude>
    <ClInclude Include="WarningSign.h">
      <Filter>Source Files</Filter>
    </ClInclude>
    <ClInclude Include="PowerUpBase.h">
      <Filter>PowerUps</Filter>
    </ClInclude>
    <ClInclude Include="BlockSpecial.h">
      <Filter>PowerUps</Filter>
    </ClInclude>
    <ClInclude Include="RaknetGlobals.h">
      <Filter>Source Files</Filter>
    </ClInclude>
    <ClInclude Include="ChangeScreenSpecial.h">
      <Filter>PowerUps</Filter>
    </ClInclude>
    <ClInclude Include="PointsScene.h">
      <Filter>Scenes</Filter>
    </ClInclude>
  </ItemGroup>
</Project>